
Microsoft Visual Studio Solution File, Format Version 12.00
# Visual Studio Version 17
VisualStudioVersion = 17.7.33711.374
MinimumVisualStudioVersion = 10.0.40219.1
Project("{FAE04EC0-301F-11D3-BF4B-00C04F79EFBC}") = "VS2022WebApiDevelopment", "VS2022WebApiDevelopment\VS2022WebApiDevelopment.csproj", "{FBA0FE44-B6E6-4472-89AB-859F4D78DE14}"
EndProject
Global
	GlobalSection(SolutionConfigurationPlatforms) = preSolution
		Debug|Any CPU = Debug|Any CPU
		Release|Any CPU = Release|Any CPU
	EndGlobalSection
	GlobalSection(ProjectConfigurationPlatforms) = postSolution
		{FBA0FE44-B6E6-4472-89AB-859F4D78DE14}.Debug|Any CPU.ActiveCfg = Debug|Any CPU
		{FBA0FE44-B6E6-4472-89AB-859F4D78DE14}.Debug|Any CPU.Build.0 = Debug|Any CPU
		{FBA0FE44-B6E6-4472-89AB-859F4D78DE14}.Release|Any CPU.ActiveCfg = Release|Any CPU
		{FBA0FE44-B6E6-4472-89AB-859F4D78DE14}.Release|Any CPU.Build.0 = Release|Any CPU
	EndGlobalSection
	GlobalSection(SolutionProperties) = preSolution
		HideSolutionNode = FALSE
	EndGlobalSection
	GlobalSection(ExtensibilityGlobals) = postSolution
		SolutionGuid = {FDB62BF6-E7E6-4F03-A876-2DD564D4D8F2}
	EndGlobalSection
EndGlobal
